
Microsoft Visual Studio Solution File, Format Version 12.00
# Visual Studio Version 16
VisualStudioVersion = 16.0.33529.622
MinimumVisualStudioVersion = 10.0.40219.1
Project("{FAE04EC0-301F-11D3-BF4B-00C04F79EFBC}") = "webapp", "webapp\webapp.csproj", "{DFAE154B-09D9-4C8C-B9E4-15A38D8E5016}"
EndProject
Global
	GlobalSection(SolutionConfigurationPlatforms) = preSolution
		Debug|Any CPU = Debug|Any CPU
		Release|Any CPU = Release|Any CPU
	EndGlobalSection
	GlobalSection(ProjectConfigurationPlatforms) = postSolution
		{DFAE154B-09D9-4C8C-B9E4-15A38D8E5016}.Debug|Any CPU.ActiveCfg = Debug|Any CPU
		{DFAE154B-09D9-4C8C-B9E4-15A38D8E5016}.Debug|Any CPU.Build.0 = Debug|Any CPU
		{DFAE154B-09D9-4C8C-B9E4-15A38D8E5016}.Release|Any CPU.ActiveCfg = Release|Any CPU
		{DFAE154B-09D9-4C8C-B9E4-15A38D8E5016}.Release|Any CPU.Build.0 = Release|Any CPU
	EndGlobalSection
	GlobalSection(SolutionProperties) = preSolution
		HideSolutionNode = FALSE
	EndGlobalSection
	GlobalSection(ExtensibilityGlobals) = postSolution
		SolutionGuid = {12DBCB2C-2ABB-4D2B-8413-08EF6E2DE30F}
	EndGlobalSection
EndGlobal
